
Microsoft Visual Studio Solution File, Format Version 12.00
# Visual Studio Version 17
VisualStudioVersion = 17.0.31903.59
MinimumVisualStudioVersion = 10.0.40219.1
Project("{2150E333-8FDC-42A3-9474-1A3956D46DE8}") = "src", "src", "{432B05F4-43B5-4A0F-9FB4-F8E4BF6F6AF7}"
EndProject
Project("{2150E333-8FDC-42A3-9474-1A3956D46DE8}") = "Domain", "Domain", "{FB9EA0ED-769C-4B19-8A30-0D76D96979C1}"
EndProject
Project("{FAE04EC0-301F-11D3-BF4B-00C04F79EFBC}") = "Domain", "src\Domain\src\Domain.csproj", "{4480F9EC-45CE-4920-9161-4A1EC90F05DA}"
EndProject
Project("{FAE04EC0-301F-11D3-BF4B-00C04F79EFBC}") = "Domain.test", "src\Domain\test\Domain.test.csproj", "{B6984B4F-7909-4A41-ABBF-4BE4673318F6}"
EndProject
Project("{2150E333-8FDC-42A3-9474-1A3956D46DE8}") = "Steganography", "Steganography", "{1C7D754C-2C4E-4E3F-8D64-3D649490A82C}"
EndProject
Project("{FAE04EC0-301F-11D3-BF4B-00C04F79EFBC}") = "Steganography", "src\Steganography\src\Steganography.csproj", "{E9C25ED8-1360-43AA-A93B-ACA49A59BF2B}"
EndProject
Project("{FAE04EC0-301F-11D3-BF4B-00C04F79EFBC}") = "Steganography.Test", "src\Steganography\test\Steganography.Test.csproj", "{70E48AF2-26AB-4E07-AC69-00F76CBDBB1E}"
EndProject
Global
	GlobalSection(SolutionConfigurationPlatforms) = preSolution
		Debug|Any CPU = Debug|Any CPU
		Release|Any CPU = Release|Any CPU
	EndGlobalSection
	GlobalSection(SolutionProperties) = preSolution
		HideSolutionNode = FALSE
	EndGlobalSection
	GlobalSection(ProjectConfigurationPlatforms) = postSolution
		{4480F9EC-45CE-4920-9161-4A1EC90F05DA}.Debug|Any CPU.ActiveCfg = Debug|Any CPU
		{4480F9EC-45CE-4920-9161-4A1EC90F05DA}.Debug|Any CPU.Build.0 = Debug|Any CPU
		{4480F9EC-45CE-4920-9161-4A1EC90F05DA}.Release|Any CPU.ActiveCfg = Release|Any CPU
		{4480F9EC-45CE-4920-9161-4A1EC90F05DA}.Release|Any CPU.Build.0 = Release|Any CPU
		{B6984B4F-7909-4A41-ABBF-4BE4673318F6}.Debug|Any CPU.ActiveCfg = Debug|Any CPU
		{B6984B4F-7909-4A41-ABBF-4BE4673318F6}.Debug|Any CPU.Build.0 = Debug|Any CPU
		{B6984B4F-7909-4A41-ABBF-4BE4673318F6}.Release|Any CPU.ActiveCfg = Release|Any CPU
		{B6984B4F-7909-4A41-ABBF-4BE4673318F6}.Release|Any CPU.Build.0 = Release|Any CPU
		{E9C25ED8-1360-43AA-A93B-ACA49A59BF2B}.Debug|Any CPU.ActiveCfg = Debug|Any CPU
		{E9C25ED8-1360-43AA-A93B-ACA49A59BF2B}.Debug|Any CPU.Build.0 = Debug|Any CPU
		{E9C25ED8-1360-43AA-A93B-ACA49A59BF2B}.Release|Any CPU.ActiveCfg = Release|Any CPU
		{E9C25ED8-1360-43AA-A93B-ACA49A59BF2B}.Release|Any CPU.Build.0 = Release|Any CPU
		{70E48AF2-26AB-4E07-AC69-00F76CBDBB1E}.Debug|Any CPU.ActiveCfg = Debug|Any CPU
		{70E48AF2-26AB-4E07-AC69-00F76CBDBB1E}.Debug|Any CPU.Build.0 = Debug|Any CPU
		{70E48AF2-26AB-4E07-AC69-00F76CBDBB1E}.Release|Any CPU.ActiveCfg = Release|Any CPU
		{70E48AF2-26AB-4E07-AC69-00F76CBDBB1E}.Release|Any CPU.Build.0 = Release|Any CPU
	EndGlobalSection
	GlobalSection(NestedProjects) = preSolution
		{FB9EA0ED-769C-4B19-8A30-0D76D96979C1} = {432B05F4-43B5-4A0F-9FB4-F8E4BF6F6AF7}
		{4480F9EC-45CE-4920-9161-4A1EC90F05DA} = {FB9EA0ED-769C-4B19-8A30-0D76D96979C1}
		{B6984B4F-7909-4A41-ABBF-4BE4673318F6} = {FB9EA0ED-769C-4B19-8A30-0D76D96979C1}
		{1C7D754C-2C4E-4E3F-8D64-3D649490A82C} = {432B05F4-43B5-4A0F-9FB4-F8E4BF6F6AF7}
		{E9C25ED8-1360-43AA-A93B-ACA49A59BF2B} = {1C7D754C-2C4E-4E3F-8D64-3D649490A82C}
		{70E48AF2-26AB-4E07-AC69-00F76CBDBB1E} = {1C7D754C-2C4E-4E3F-8D64-3D649490A82C}
	EndGlobalSection
EndGlobal
