
Microsoft Visual Studio Solution File, Format Version 12.00
# Visual Studio Version 17
VisualStudioVersion = 17.0.31903.59
MinimumVisualStudioVersion = 10.0.40219.1
Project("{2150E333-8FDC-42A3-9474-1A3956D46DE8}") = "src", "src", "{C3492E37-4923-4907-A362-433D3DDC8F93}"
EndProject
Project("{2150E333-8FDC-42A3-9474-1A3956D46DE8}") = "api", "api", "{1403BDF4-9A11-4E9A-A8AB-A9D2560799DF}"
EndProject
Project("{FAE04EC0-301F-11D3-BF4B-00C04F79EFBC}") = "api", "src\api\src\api.csproj", "{74E84A92-3CA7-4CB5-97E2-692454B4AD70}"
EndProject
Project("{FAE04EC0-301F-11D3-BF4B-00C04F79EFBC}") = "api.test", "src\api\test\api.test.csproj", "{0AA08EA6-06B9-430F-B18E-559F16214823}"
EndProject
Project("{2150E333-8FDC-42A3-9474-1A3956D46DE8}") = "aspnet.common", "aspnet.common", "{A7F5524F-F5FF-4CBF-BDF2-02356732366E}"
EndProject
Project("{FAE04EC0-301F-11D3-BF4B-00C04F79EFBC}") = "aspnet.common", "src\aspnet.common\src\aspnet.common.csproj", "{0B4B7442-AF47-4E1E-89EB-FA26938AB600}"
EndProject
Project("{2150E333-8FDC-42A3-9474-1A3956D46DE8}") = "domain", "domain", "{C2EA683E-EE02-4F96-891D-EA5EF4608633}"
EndProject
Project("{FAE04EC0-301F-11D3-BF4B-00C04F79EFBC}") = "domain", "src\domain\src\domain.csproj", "{0AA0A58A-0C3B-403D-B918-28993E25CF09}"
EndProject
Project("{FAE04EC0-301F-11D3-BF4B-00C04F79EFBC}") = "domain.test", "src\domain\test\domain.test.csproj", "{DE19BE8B-50A0-4238-8EA4-61C2148E22C6}"
EndProject
Global
	GlobalSection(SolutionConfigurationPlatforms) = preSolution
		Debug|Any CPU = Debug|Any CPU
		Release|Any CPU = Release|Any CPU
	EndGlobalSection
	GlobalSection(SolutionProperties) = preSolution
		HideSolutionNode = FALSE
	EndGlobalSection
	GlobalSection(ProjectConfigurationPlatforms) = postSolution
		{74E84A92-3CA7-4CB5-97E2-692454B4AD70}.Debug|Any CPU.ActiveCfg = Debug|Any CPU
		{74E84A92-3CA7-4CB5-97E2-692454B4AD70}.Debug|Any CPU.Build.0 = Debug|Any CPU
		{74E84A92-3CA7-4CB5-97E2-692454B4AD70}.Release|Any CPU.ActiveCfg = Release|Any CPU
		{74E84A92-3CA7-4CB5-97E2-692454B4AD70}.Release|Any CPU.Build.0 = Release|Any CPU
		{0AA08EA6-06B9-430F-B18E-559F16214823}.Debug|Any CPU.ActiveCfg = Debug|Any CPU
		{0AA08EA6-06B9-430F-B18E-559F16214823}.Debug|Any CPU.Build.0 = Debug|Any CPU
		{0AA08EA6-06B9-430F-B18E-559F16214823}.Release|Any CPU.ActiveCfg = Release|Any CPU
		{0AA08EA6-06B9-430F-B18E-559F16214823}.Release|Any CPU.Build.0 = Release|Any CPU
		{0B4B7442-AF47-4E1E-89EB-FA26938AB600}.Debug|Any CPU.ActiveCfg = Debug|Any CPU
		{0B4B7442-AF47-4E1E-89EB-FA26938AB600}.Debug|Any CPU.Build.0 = Debug|Any CPU
		{0B4B7442-AF47-4E1E-89EB-FA26938AB600}.Release|Any CPU.ActiveCfg = Release|Any CPU
		{0B4B7442-AF47-4E1E-89EB-FA26938AB600}.Release|Any CPU.Build.0 = Release|Any CPU
		{0AA0A58A-0C3B-403D-B918-28993E25CF09}.Debug|Any CPU.ActiveCfg = Debug|Any CPU
		{0AA0A58A-0C3B-403D-B918-28993E25CF09}.Debug|Any CPU.Build.0 = Debug|Any CPU
		{0AA0A58A-0C3B-403D-B918-28993E25CF09}.Release|Any CPU.ActiveCfg = Release|Any CPU
		{0AA0A58A-0C3B-403D-B918-28993E25CF09}.Release|Any CPU.Build.0 = Release|Any CPU
		{DE19BE8B-50A0-4238-8EA4-61C2148E22C6}.Debug|Any CPU.ActiveCfg = Debug|Any CPU
		{DE19BE8B-50A0-4238-8EA4-61C2148E22C6}.Debug|Any CPU.Build.0 = Debug|Any CPU
		{DE19BE8B-50A0-4238-8EA4-61C2148E22C6}.Release|Any CPU.ActiveCfg = Release|Any CPU
		{DE19BE8B-50A0-4238-8EA4-61C2148E22C6}.Release|Any CPU.Build.0 = Release|Any CPU
	EndGlobalSection
	GlobalSection(NestedProjects) = preSolution
		{1403BDF4-9A11-4E9A-A8AB-A9D2560799DF} = {C3492E37-4923-4907-A362-433D3DDC8F93}
		{74E84A92-3CA7-4CB5-97E2-692454B4AD70} = {1403BDF4-9A11-4E9A-A8AB-A9D2560799DF}
		{0AA08EA6-06B9-430F-B18E-559F16214823} = {1403BDF4-9A11-4E9A-A8AB-A9D2560799DF}
		{A7F5524F-F5FF-4CBF-BDF2-02356732366E} = {C3492E37-4923-4907-A362-433D3DDC8F93}
		{0B4B7442-AF47-4E1E-89EB-FA26938AB600} = {A7F5524F-F5FF-4CBF-BDF2-02356732366E}
		{C2EA683E-EE02-4F96-891D-EA5EF4608633} = {C3492E37-4923-4907-A362-433D3DDC8F93}
		{0AA0A58A-0C3B-403D-B918-28993E25CF09} = {C2EA683E-EE02-4F96-891D-EA5EF4608633}
		{DE19BE8B-50A0-4238-8EA4-61C2148E22C6} = {C2EA683E-EE02-4F96-891D-EA5EF4608633}
	EndGlobalSection
EndGlobal
