
Microsoft Visual Studio Solution File, Format Version 12.00
# Visual Studio Version 17
VisualStudioVersion = 17.0.31903.59
MinimumVisualStudioVersion = 10.0.40219.1
Project("{2150E333-8FDC-42A3-9474-1A3956D46DE8}") = "src", "src", "{04B4E0D1-7833-46CE-9F62-49B4EEEB214F}"
EndProject
Project("{2150E333-8FDC-42A3-9474-1A3956D46DE8}") = "AspNetShared", "AspNetShared", "{C453B1DB-C3CD-4803-AF4B-37E6F347FD10}"
EndProject
Project("{FAE04EC0-301F-11D3-BF4B-00C04F79EFBC}") = "AspNetShared", "src\AspNetShared\src\AspNetShared.csproj", "{852FAC5B-7482-49BB-95A8-8FA8900297E4}"
EndProject
Project("{2150E333-8FDC-42A3-9474-1A3956D46DE8}") = "Domain", "Domain", "{2FC2C1A1-8ABC-431B-8ECD-DC2508CD29B0}"
EndProject
Project("{FAE04EC0-301F-11D3-BF4B-00C04F79EFBC}") = "Domain", "src\Domain\src\Domain.csproj", "{D2BBE6C4-2FA4-4250-AA94-12F36FE232E3}"
EndProject
Project("{FAE04EC0-301F-11D3-BF4B-00C04F79EFBC}") = "Domain.Test", "src\Domain\test\Domain.Test.csproj", "{583125FD-800D-49AF-9040-C83CA84E908A}"
EndProject
Project("{2150E333-8FDC-42A3-9474-1A3956D46DE8}") = "Steganography", "Steganography", "{CEAF9CBD-7340-4F79-861F-560701A25B3A}"
EndProject
Project("{FAE04EC0-301F-11D3-BF4B-00C04F79EFBC}") = "Steganography", "src\Steganography\src\Steganography.csproj", "{25BEAD1B-6B2C-4833-9D29-38CAD8B5D160}"
EndProject
Project("{FAE04EC0-301F-11D3-BF4B-00C04F79EFBC}") = "Steganography.Test", "src\Steganography\test\Steganography.Test.csproj", "{012A6968-36AB-40B6-B46D-D43B412D864C}"
EndProject
Global
	GlobalSection(SolutionConfigurationPlatforms) = preSolution
		Debug|Any CPU = Debug|Any CPU
		Release|Any CPU = Release|Any CPU
	EndGlobalSection
	GlobalSection(SolutionProperties) = preSolution
		HideSolutionNode = FALSE
	EndGlobalSection
	GlobalSection(ProjectConfigurationPlatforms) = postSolution
		{852FAC5B-7482-49BB-95A8-8FA8900297E4}.Debug|Any CPU.ActiveCfg = Debug|Any CPU
		{852FAC5B-7482-49BB-95A8-8FA8900297E4}.Debug|Any CPU.Build.0 = Debug|Any CPU
		{852FAC5B-7482-49BB-95A8-8FA8900297E4}.Release|Any CPU.ActiveCfg = Release|Any CPU
		{852FAC5B-7482-49BB-95A8-8FA8900297E4}.Release|Any CPU.Build.0 = Release|Any CPU
		{D2BBE6C4-2FA4-4250-AA94-12F36FE232E3}.Debug|Any CPU.ActiveCfg = Debug|Any CPU
		{D2BBE6C4-2FA4-4250-AA94-12F36FE232E3}.Debug|Any CPU.Build.0 = Debug|Any CPU
		{D2BBE6C4-2FA4-4250-AA94-12F36FE232E3}.Release|Any CPU.ActiveCfg = Release|Any CPU
		{D2BBE6C4-2FA4-4250-AA94-12F36FE232E3}.Release|Any CPU.Build.0 = Release|Any CPU
		{583125FD-800D-49AF-9040-C83CA84E908A}.Debug|Any CPU.ActiveCfg = Debug|Any CPU
		{583125FD-800D-49AF-9040-C83CA84E908A}.Debug|Any CPU.Build.0 = Debug|Any CPU
		{583125FD-800D-49AF-9040-C83CA84E908A}.Release|Any CPU.ActiveCfg = Release|Any CPU
		{583125FD-800D-49AF-9040-C83CA84E908A}.Release|Any CPU.Build.0 = Release|Any CPU
		{25BEAD1B-6B2C-4833-9D29-38CAD8B5D160}.Debug|Any CPU.ActiveCfg = Debug|Any CPU
		{25BEAD1B-6B2C-4833-9D29-38CAD8B5D160}.Debug|Any CPU.Build.0 = Debug|Any CPU
		{25BEAD1B-6B2C-4833-9D29-38CAD8B5D160}.Release|Any CPU.ActiveCfg = Release|Any CPU
		{25BEAD1B-6B2C-4833-9D29-38CAD8B5D160}.Release|Any CPU.Build.0 = Release|Any CPU
		{012A6968-36AB-40B6-B46D-D43B412D864C}.Debug|Any CPU.ActiveCfg = Debug|Any CPU
		{012A6968-36AB-40B6-B46D-D43B412D864C}.Debug|Any CPU.Build.0 = Debug|Any CPU
		{012A6968-36AB-40B6-B46D-D43B412D864C}.Release|Any CPU.ActiveCfg = Release|Any CPU
		{012A6968-36AB-40B6-B46D-D43B412D864C}.Release|Any CPU.Build.0 = Release|Any CPU
	EndGlobalSection
	GlobalSection(NestedProjects) = preSolution
		{C453B1DB-C3CD-4803-AF4B-37E6F347FD10} = {04B4E0D1-7833-46CE-9F62-49B4EEEB214F}
		{852FAC5B-7482-49BB-95A8-8FA8900297E4} = {C453B1DB-C3CD-4803-AF4B-37E6F347FD10}
		{2FC2C1A1-8ABC-431B-8ECD-DC2508CD29B0} = {04B4E0D1-7833-46CE-9F62-49B4EEEB214F}
		{D2BBE6C4-2FA4-4250-AA94-12F36FE232E3} = {2FC2C1A1-8ABC-431B-8ECD-DC2508CD29B0}
		{583125FD-800D-49AF-9040-C83CA84E908A} = {2FC2C1A1-8ABC-431B-8ECD-DC2508CD29B0}
		{CEAF9CBD-7340-4F79-861F-560701A25B3A} = {04B4E0D1-7833-46CE-9F62-49B4EEEB214F}
		{25BEAD1B-6B2C-4833-9D29-38CAD8B5D160} = {CEAF9CBD-7340-4F79-861F-560701A25B3A}
		{012A6968-36AB-40B6-B46D-D43B412D864C} = {CEAF9CBD-7340-4F79-861F-560701A25B3A}
	EndGlobalSection
EndGlobal
