lockfileVersion: 5.3

specifiers:
  '@types/node': ^17.0.25
  aws-cdk-lib: ^2.20.0
  constructs: ^10.0.119
  esbuild-node-loader: ^0.8.0
  prettier: ^2.6.2
  source-map-support: ^0.5.21

dependencies:
  '@types/node': 17.0.25
  aws-cdk-lib: 2.20.0_constructs@10.0.119
  constructs: 10.0.119
  esbuild-node-loader: 0.8.0
  prettier: 2.6.2
  source-map-support: 0.5.21

packages:

  /@balena/dockerignore/1.0.2:
    resolution: {integrity: sha512-wMue2Sy4GAVTk6Ic4tJVcnfdau+gx2EnG7S+uAEe+TWJFqE4YoWN4/H8MSLj4eYJKxGg26lZwboEniNiNwZQ6Q==}
    dev: false

  /@types/node/17.0.25:
    resolution: {integrity: sha512-wANk6fBrUwdpY4isjWrKTufkrXdu1D2YHCot2fD/DfWxF5sMrVSA+KN7ydckvaTCh0HiqX9IVl0L5/ZoXg5M7w==}
    dev: false

  /at-least-node/1.0.0:
    resolution: {integrity: sha512-+q/t7Ekv1EDY2l6Gda6LLiX14rU9TV20Wa3ofeQmwPFZbOMo9DXrLbOjFaaclkXKWidIaopwAObQDqwWtGUjqg==}
    engines: {node: '>= 4.0.0'}
    dev: false

  /aws-cdk-lib/2.20.0_constructs@10.0.119:
    resolution: {integrity: sha512-jACK/1UJxtWWl6QH+I1V8Oc8F1EEL6aFQYk24DIrzNyB1Aj9LIs9/NyDu5zN00QFKrR6aDE7WAv1VG3sa6wWdg==}
    engines: {node: '>= 14.15.0'}
    peerDependencies:
      constructs: ^10.0.0
    dependencies:
      '@balena/dockerignore': 1.0.2
      case: 1.6.3
      constructs: 10.0.119
      fs-extra: 9.1.0
      ignore: 5.2.0
      jsonschema: 1.4.0
      minimatch: 3.1.2
      punycode: 2.1.1
      semver: 7.3.5
      yaml: 1.10.2
    dev: false
    bundledDependencies:
      - '@balena/dockerignore'
      - case
      - fs-extra
      - ignore
      - jsonschema
      - minimatch
      - punycode
      - semver
      - yaml

  /balanced-match/1.0.2:
    resolution: {integrity: sha512-3oSeUO0TMV67hN1AmbXsK4yaqU7tjiHlbxRDZOpH0KW9+CeX4bRAaX0Anxt0tx2MrpRpWwQaPwIlISEJhYU5Pw==}
    dev: false

  /brace-expansion/1.1.11:
    resolution: {integrity: sha512-iCuPHDFgrHX7H2vEI/5xpz07zSHB00TpugqhmYtVmMO6518mCuRMoOYFldEBl0g187ufozdaHgWKcYFb61qGiA==}
    dependencies:
      balanced-match: 1.0.2
      concat-map: 0.0.1
    dev: false

  /buffer-from/1.1.2:
    resolution: {integrity: sha512-E+XQCRwSbaaiChtv6k6Dwgc+bx+Bs6vuKJHHl5kox/BaKbhiXzqQOwK4cO22yElGp2OCmjwVhT3HmxgyPGnJfQ==}
    dev: false

  /case/1.6.3:
    resolution: {integrity: sha512-mzDSXIPaFwVDvZAHqZ9VlbyF4yyXRuX6IvB06WvPYkqJVO24kX1PPhv9bfpKNFZyxYFmmgo03HUiD8iklmJYRQ==}
    engines: {node: '>= 0.8.0'}
    dev: false

  /concat-map/0.0.1:
    resolution: {integrity: sha1-2Klr13/Wjfd5OnMDajug1UBdR3s=}
    dev: false

  /constructs/10.0.119:
    resolution: {integrity: sha512-Dx2qmqy3uTrFnt6uejO7uqVzB61QkD25L/nayvSPv2kcb1jE03y/4XDsbnTmr8wnt51NajmzZiRuwap749pMzw==}
    engines: {node: '>= 12.7.0'}
    dev: false

  /data-uri-to-buffer/4.0.0:
    resolution: {integrity: sha512-Vr3mLBA8qWmcuschSLAOogKgQ/Jwxulv3RNE4FXnYWRGujzrRWQI4m12fQqRkwX06C0KanhLr4hK+GydchZsaA==}
    engines: {node: '>= 12'}
    dev: false

  /esbuild-android-64/0.14.31:
    resolution: {integrity: sha512-MYkuJ91w07nGmr4EouejOZK2j/f5TCnsKxY8vRr2+wpKKfHD1LTJK28VbZa+y1+AL7v1V9G98ezTUwsV3CmXNw==}
    engines: {node: '>=12'}
    cpu: [x64]
    os: [android]
    requiresBuild: true
    dev: false
    optional: true

  /esbuild-android-arm64/0.14.31:
    resolution: {integrity: sha512-0rkH/35s7ZVcsw6nS0IAkR0dekSbjZGWdlOAf3jV0lGoPqqw0x6/TmaV9w7DQgUERTH1ApmPlpAMU4kVkCq9Jg==}
    engines: {node: '>=12'}
    cpu: [arm64]
    os: [android]
    requiresBuild: true
    dev: false
    optional: true

  /esbuild-darwin-64/0.14.31:
    resolution: {integrity: sha512-kP6xPZHxtJa36Hb0jC05L3VzQSZBW2f3bpnQS20czXTRGEmM2GDiYpGdI5g2QYaw6vC4PYXjnigq8usd9g9jnQ==}
    engines: {node: '>=12'}
    cpu: [x64]
    os: [darwin]
    requiresBuild: true
    dev: false
    optional: true

  /esbuild-darwin-arm64/0.14.31:
    resolution: {integrity: sha512-1ZMog4hkNsdBGtDDtsftUqX6S9N52gEx4vX5aVehsSptgoBFIar1XrPiBTQty7YNH+bJasTpSVaZQgElCVvPKQ==}
    engines: {node: '>=12'}
    cpu: [arm64]
    os: [darwin]
    requiresBuild: true
    dev: false
    optional: true

  /esbuild-freebsd-64/0.14.31:
    resolution: {integrity: sha512-Zo0BYj7QpVFWoUpkv6Ng0RO2eJ4zk/WDaHMO88+jr5HuYmxsOre0imgwaZVPquTuJnCvL1G48BFucJ3tFflSeQ==}
    engines: {node: '>=12'}
    cpu: [x64]
    os: [freebsd]
    requiresBuild: true
    dev: false
    optional: true

  /esbuild-freebsd-arm64/0.14.31:
    resolution: {integrity: sha512-t85bS6jbRpmdjr4pdr/FY/fpx8lo1vv9S7BAs2EsXKJQhRDMIiC3QW+k2acYJoRuqirlvJcJVFQGCq/PfyC1kA==}
    engines: {node: '>=12'}
    cpu: [arm64]
    os: [freebsd]
    requiresBuild: true
    dev: false
    optional: true

  /esbuild-linux-32/0.14.31:
    resolution: {integrity: sha512-XYtOk/GodSkv+UOYVwryGpGPuFnszsMvRMKq6cIUfFfdssHuKDsU9IZveyCG44J106J39ABenQ5EetbYtVJHUw==}
    engines: {node: '>=12'}
    cpu: [ia32]
    os: [linux]
    requiresBuild: true
    dev: false
    optional: true

  /esbuild-linux-64/0.14.31:
    resolution: {integrity: sha512-Zf9CZxAxaXWHLqCg/QZ/hs0RU0XV3IBxV+ENQzy00S4QOTnZAvSLgPciILHHrVJ0lPIlb4XzAqlLM5y6iI2LIw==}
    engines: {node: '>=12'}
    cpu: [x64]
    os: [linux]
    requiresBuild: true
    dev: false
    optional: true

  /esbuild-linux-arm/0.14.31:
    resolution: {integrity: sha512-RpiaeHPRlgCCDskxoyIsI49BhcDtZ4cl8+SLffizDm0yMNWP538SUg0ezQ2TTOPj3/svaGIbkRDwYtAon0Sjkg==}
    engines: {node: '>=12'}
    cpu: [arm]
    os: [linux]
    requiresBuild: true
    dev: false
    optional: true

  /esbuild-linux-arm64/0.14.31:
    resolution: {integrity: sha512-V/H0tv+xpQ9IOHM+o85oCKNNidIEc5CcnDWl0V+hPd2F03dqdbFkWPBGphx8rD4JSQn6UefUQ1iH7y1qIzO8Fw==}
    engines: {node: '>=12'}
    cpu: [arm64]
    os: [linux]
    requiresBuild: true
    dev: false
    optional: true

  /esbuild-linux-mips64le/0.14.31:
    resolution: {integrity: sha512-9/oBfAckInRuUg6AEgdCLLn6KJ6UOJDOLmUinTsReVSg6AfV6wxYQJq9iQM2idRogP7GUpomJ+bvCdWXpotQRQ==}
    engines: {node: '>=12'}
    cpu: [mips64el]
    os: [linux]
    requiresBuild: true
    dev: false
    optional: true

  /esbuild-linux-ppc64le/0.14.31:
    resolution: {integrity: sha512-NMcb14Pg+8q8raGkzor9/R3vQwKzgxE3694BtO2SDLBwJuL2C1dQ1ZtM1t7ZvArQBgT8RiZVxb0/3fD+qGNk7g==}
    engines: {node: '>=12'}
    cpu: [ppc64]
    os: [linux]
    requiresBuild: true
    dev: false
    optional: true

  /esbuild-linux-riscv64/0.14.31:
    resolution: {integrity: sha512-l13yvmsVfawAnoYfcpuvml+nTlrOmtdceXYufSkXl2DOb0JKcuR6ARlAzuQCDcpo49SOJy1cCxpwlOIsUQBfzA==}
    engines: {node: '>=12'}
    cpu: [riscv64]
    os: [linux]
    requiresBuild: true
    dev: false
    optional: true

  /esbuild-linux-s390x/0.14.31:
    resolution: {integrity: sha512-GIwV9mY3koYja9MCSkKLk1P7rj+MkPV0UsGsZ575hEcIBrXeKN9jBi6X/bxDDPEN/SUAH35cJhBNrZU4x9lEfg==}
    engines: {node: '>=12'}
    cpu: [s390x]
    os: [linux]
    requiresBuild: true
    dev: false
    optional: true

  /esbuild-netbsd-64/0.14.31:
    resolution: {integrity: sha512-bJ+pyLvKQm+Obp5k7/Wk8e9Gdkls56F1aiI3uptoIfOIUqsZImH7pDyTrSufwqsFp62kO9LRuwXnjDwQtPyhFQ==}
    engines: {node: '>=12'}
    cpu: [x64]
    os: [netbsd]
    requiresBuild: true
    dev: false
    optional: true

  /esbuild-node-loader/0.8.0:
    resolution: {integrity: sha512-BJaecVcClXVa5lO7TbHp+CgWtUmYrtZHyPYDx1JVTO3OOXdQM569vbJOeQGPucbYThuWTiNUUNeLEc4+EZk8QQ==}
    dependencies:
      esbuild: 0.14.31
      node-fetch: 3.2.3
      semver: 7.3.5
    dev: false

  /esbuild-openbsd-64/0.14.31:
    resolution: {integrity: sha512-NRAAPPca05H9j9Xab0kVXK0V6/pyZGGy8d2Y8KS0BMwWEydlD4KCJDmH8/7bWCKYLRGOOCE9/GPBJyPWHFW3sg==}
    engines: {node: '>=12'}
    cpu: [x64]
    os: [openbsd]
    requiresBuild: true
    dev: false
    optional: true

  /esbuild-sunos-64/0.14.31:
    resolution: {integrity: sha512-9uA+V8w9Eehu4ldb95lPWdgCMcMO5HH6pXmfkk5usn3JsSZxKdLKsXB4hYgP80wscZvVYXJl2G+KNxsUTfPhZw==}
    engines: {node: '>=12'}
    cpu: [x64]
    os: [sunos]
    requiresBuild: true
    dev: false
    optional: true

  /esbuild-windows-32/0.14.31:
    resolution: {integrity: sha512-VGdncQTqoxD9q3v/dk0Yugbmx2FzOkcs0OemBYc1X9KXOLQYH0uQbLJIckZdZOC3J+JKSExbYFrzYCOwWPuNyA==}
    engines: {node: '>=12'}
    cpu: [ia32]
    os: [win32]
    requiresBuild: true
    dev: false
    optional: true

  /esbuild-windows-64/0.14.31:
    resolution: {integrity: sha512-v/2ye5zBqpmCzi3bLCagStbNQlnOsY7WtMrD2Q0xZxeSIXONxji15KYtVee5o7nw4lXWbQSS1BL8G6BBMvtq4A==}
    engines: {node: '>=12'}
    cpu: [x64]
    os: [win32]
    requiresBuild: true
    dev: false
    optional: true

  /esbuild-windows-arm64/0.14.31:
    resolution: {integrity: sha512-RXeU42FJoG1sriNHg73h4S+5B7L/gw+8T7U9u8IWqSSEbY6fZvBh4uofugiU1szUDqqP00GHwZ09WgYe3lGZiw==}
    engines: {node: '>=12'}
    cpu: [arm64]
    os: [win32]
    requiresBuild: true
    dev: false
    optional: true

  /esbuild/0.14.31:
    resolution: {integrity: sha512-QA0fUM13+JZzcvg1bdrhi7wo8Lr5IRHA9ypNn2znqxGqb66dSK6pAh01TjyBOhzZGazPQJZ1K26VrCAQJ715qA==}
    engines: {node: '>=12'}
    hasBin: true
    requiresBuild: true
    optionalDependencies:
      esbuild-android-64: 0.14.31
      esbuild-android-arm64: 0.14.31
      esbuild-darwin-64: 0.14.31
      esbuild-darwin-arm64: 0.14.31
      esbuild-freebsd-64: 0.14.31
      esbuild-freebsd-arm64: 0.14.31
      esbuild-linux-32: 0.14.31
      esbuild-linux-64: 0.14.31
      esbuild-linux-arm: 0.14.31
      esbuild-linux-arm64: 0.14.31
      esbuild-linux-mips64le: 0.14.31
      esbuild-linux-ppc64le: 0.14.31
      esbuild-linux-riscv64: 0.14.31
      esbuild-linux-s390x: 0.14.31
      esbuild-netbsd-64: 0.14.31
      esbuild-openbsd-64: 0.14.31
      esbuild-sunos-64: 0.14.31
      esbuild-windows-32: 0.14.31
      esbuild-windows-64: 0.14.31
      esbuild-windows-arm64: 0.14.31
    dev: false

  /fetch-blob/3.1.5:
    resolution: {integrity: sha512-N64ZpKqoLejlrwkIAnb9iLSA3Vx/kjgzpcDhygcqJ2KKjky8nCgUQ+dzXtbrLaWZGZNmNfQTsiQ0weZ1svglHg==}
    engines: {node: ^12.20 || >= 14.13}
    dependencies:
      node-domexception: 1.0.0
      web-streams-polyfill: 3.2.0
    dev: false

  /formdata-polyfill/4.0.10:
    resolution: {integrity: sha512-buewHzMvYL29jdeQTVILecSaZKnt/RJWjoZCF5OW60Z67/GmSLBkOFM7qh1PI3zFNtJbaZL5eQu1vLfazOwj4g==}
    engines: {node: '>=12.20.0'}
    dependencies:
      fetch-blob: 3.1.5
    dev: false

  /fs-extra/9.1.0:
    resolution: {integrity: sha512-hcg3ZmepS30/7BSFqRvoo3DOMQu7IjqxO5nCDt+zM9XWjb33Wg7ziNT+Qvqbuc3+gWpzO02JubVyk2G4Zvo1OQ==}
    engines: {node: '>=10'}
    dependencies:
      at-least-node: 1.0.0
      graceful-fs: 4.2.10
      jsonfile: 6.1.0
      universalify: 2.0.0
    dev: false

  /graceful-fs/4.2.10:
    resolution: {integrity: sha512-9ByhssR2fPVsNZj478qUUbKfmL0+t5BDVyjShtyZZLiK7ZDAArFFfopyOTj0M05wE2tJPisA4iTnnXl2YoPvOA==}
    dev: false

  /ignore/5.2.0:
    resolution: {integrity: sha512-CmxgYGiEPCLhfLnpPp1MoRmifwEIOgjcHXxOBjv7mY96c+eWScsOP9c112ZyLdWHi0FxHjI+4uVhKYp/gcdRmQ==}
    engines: {node: '>= 4'}
    dev: false

  /jsonfile/6.1.0:
    resolution: {integrity: sha512-5dgndWOriYSm5cnYaJNhalLNDKOqFwyDB/rr1E9ZsGciGvKPs8R2xYGCacuf3z6K1YKDz182fd+fY3cn3pMqXQ==}
    dependencies:
      universalify: 2.0.0
    optionalDependencies:
      graceful-fs: 4.2.10
    dev: false

  /jsonschema/1.4.0:
    resolution: {integrity: sha512-/YgW6pRMr6M7C+4o8kS+B/2myEpHCrxO4PEWnqJNBFMjn7EWXqlQ4tGwL6xTHeRplwuZmcAncdvfOad1nT2yMw==}
    dev: false

  /lru-cache/6.0.0:
    resolution: {integrity: sha512-Jo6dJ04CmSjuznwJSS3pUeWmd/H0ffTlkXXgwZi+eq1UCmqQwCh+eLsYOYCwY991i2Fah4h1BEMCx4qThGbsiA==}
    engines: {node: '>=10'}
    dependencies:
      yallist: 4.0.0
    dev: false

  /minimatch/3.1.2:
    resolution: {integrity: sha512-J7p63hRiAjw1NDEww1W7i37+ByIrOWO5XQQAzZ3VOcL0PNybwpfmV/N05zFAzwQ9USyEcX6t3UO+K5aqBQOIHw==}
    dependencies:
      brace-expansion: 1.1.11
    dev: false

  /node-domexception/1.0.0:
    resolution: {integrity: sha512-/jKZoMpw0F8GRwl4/eLROPA3cfcXtLApP0QzLmUT/HuPCZWyB7IY9ZrMeKw2O/nFIqPQB3PVM9aYm0F312AXDQ==}
    engines: {node: '>=10.5.0'}
    dev: false

  /node-fetch/3.2.3:
    resolution: {integrity: sha512-AXP18u4pidSZ1xYXRDPY/8jdv3RAozIt/WLNR/MBGZAz+xjtlr90RvCnsvHQRiXyWliZF/CpytExp32UU67/SA==}
    engines: {node: ^12.20.0 || ^14.13.1 || >=16.0.0}
    dependencies:
      data-uri-to-buffer: 4.0.0
      fetch-blob: 3.1.5
      formdata-polyfill: 4.0.10
    dev: false

  /prettier/2.6.2:
    resolution: {integrity: sha512-PkUpF+qoXTqhOeWL9fu7As8LXsIUZ1WYaJiY/a7McAQzxjk82OF0tibkFXVCDImZtWxbvojFjerkiLb0/q8mew==}
    engines: {node: '>=10.13.0'}
    hasBin: true
    dev: false

  /punycode/2.1.1:
    resolution: {integrity: sha512-XRsRjdf+j5ml+y/6GKHPZbrF/8p2Yga0JPtdqTIY2Xe5ohJPD9saDJJLPvp9+NSBprVvevdXZybnj2cv8OEd0A==}
    engines: {node: '>=6'}
    dev: false

  /semver/7.3.5:
    resolution: {integrity: sha512-PoeGJYh8HK4BTO/a9Tf6ZG3veo/A7ZVsYrSA6J8ny9nb3B1VrpkuN+z9OE5wfE5p6H4LchYZsegiQgbJD94ZFQ==}
    engines: {node: '>=10'}
    hasBin: true
    dependencies:
      lru-cache: 6.0.0
    dev: false

  /source-map-support/0.5.21:
    resolution: {integrity: sha512-uBHU3L3czsIyYXKX88fdrGovxdSCoTGDRZ6SYXtSRxLZUzHg5P/66Ht6uoUlHu9EZod+inXhKo3qQgwXUT/y1w==}
    dependencies:
      buffer-from: 1.1.2
      source-map: 0.6.1
    dev: false

  /source-map/0.6.1:
    resolution: {integrity: sha512-UjgapumWlbMhkBgzT7Ykc5YXUT46F0iKu8SGXq0bcwP5dz/h0Plj6enJqjz1Zbq2l5WaqYnrVbwWOWMyF3F47g==}
    engines: {node: '>=0.10.0'}
    dev: false

  /universalify/2.0.0:
    resolution: {integrity: sha512-hAZsKq7Yy11Zu1DE0OzWjw7nnLZmJZYTDZZyEFHZdUhV8FkH5MCfoU1XMaxXovpyW5nq5scPqq0ZDP9Zyl04oQ==}
    engines: {node: '>= 10.0.0'}
    dev: false

  /web-streams-polyfill/3.2.0:
    resolution: {integrity: sha512-EqPmREeOzttaLRm5HS7io98goBgZ7IVz79aDvqjD0kYXLtFZTc0T/U6wHTPKyIjb+MdN7DFIIX6hgdBEpWmfPA==}
    engines: {node: '>= 8'}
    dev: false

  /yallist/4.0.0:
    resolution: {integrity: sha512-3wdGidZyq5PB084XLES5TpOSRA3wjXAlIWMhum2kRcv/41Sn2emQ0dycQW4uZXLejwKvg6EsvbdlVL+FYEct7A==}
    dev: false

  /yaml/1.10.2:
    resolution: {integrity: sha512-r3vXyErRCYJ7wg28yvBY5VSoAF8ZvlcW9/BwUzEtUsjvX/DKs24dIkuwjtuprwJJHsbyUbLApepYTR1BN4uHrg==}
    engines: {node: '>= 6'}
    dev: false
