
Microsoft Visual Studio Solution File, Format Version 12.00
# Visual Studio Version 16
VisualStudioVersion = 16.0.30114.105
MinimumVisualStudioVersion = 10.0.40219.1
Project("{2150E333-8FDC-42A3-9474-1A3956D46DE8}") = "src", "src", "{3CC239C0-05C7-4F56-9248-9ED509EEED91}"
EndProject
Project("{FAE04EC0-301F-11D3-BF4B-00C04F79EFBC}") = "ApiBuilder", "src\ApiBuilder\ApiBuilder.csproj", "{A2F690B6-3C96-4122-9C4D-A9AC22874459}"
EndProject
Project("{FAE04EC0-301F-11D3-BF4B-00C04F79EFBC}") = "Domain", "src\Domain\Domain.csproj", "{9532BC74-9AED-4A36-809B-CF32EF5BC271}"
EndProject
Project("{FAE04EC0-301F-11D3-BF4B-00C04F79EFBC}") = "WebApi", "src\WebApi\WebApi.csproj", "{19165C52-3A65-4626-A9AA-99AA3F493530}"
EndProject
Project("{2150E333-8FDC-42A3-9474-1A3956D46DE8}") = "tests", "tests", "{6BB01604-4D62-4901-88B8-12DA9B6BAE60}"
EndProject
Project("{FAE04EC0-301F-11D3-BF4B-00C04F79EFBC}") = "Domain.UnitTests", "tests\Domain.UnitTests\Domain.UnitTests.csproj", "{EBF00694-7975-410B-921E-772365A8819C}"
EndProject
Project("{FAE04EC0-301F-11D3-BF4B-00C04F79EFBC}") = "WebApi.IntegrationTests", "tests\WebApi.IntegrationTests\WebApi.IntegrationTests.csproj", "{505477BA-C5DC-4C61-A2C7-6FE8045D02C2}"
EndProject
Global
	GlobalSection(SolutionConfigurationPlatforms) = preSolution
		Debug|Any CPU = Debug|Any CPU
		Release|Any CPU = Release|Any CPU
	EndGlobalSection
	GlobalSection(SolutionProperties) = preSolution
		HideSolutionNode = FALSE
	EndGlobalSection
	GlobalSection(ProjectConfigurationPlatforms) = postSolution
		{A2F690B6-3C96-4122-9C4D-A9AC22874459}.Debug|Any CPU.ActiveCfg = Debug|Any CPU
		{A2F690B6-3C96-4122-9C4D-A9AC22874459}.Debug|Any CPU.Build.0 = Debug|Any CPU
		{A2F690B6-3C96-4122-9C4D-A9AC22874459}.Release|Any CPU.ActiveCfg = Release|Any CPU
		{A2F690B6-3C96-4122-9C4D-A9AC22874459}.Release|Any CPU.Build.0 = Release|Any CPU
		{9532BC74-9AED-4A36-809B-CF32EF5BC271}.Debug|Any CPU.ActiveCfg = Debug|Any CPU
		{9532BC74-9AED-4A36-809B-CF32EF5BC271}.Debug|Any CPU.Build.0 = Debug|Any CPU
		{9532BC74-9AED-4A36-809B-CF32EF5BC271}.Release|Any CPU.ActiveCfg = Release|Any CPU
		{9532BC74-9AED-4A36-809B-CF32EF5BC271}.Release|Any CPU.Build.0 = Release|Any CPU
		{19165C52-3A65-4626-A9AA-99AA3F493530}.Debug|Any CPU.ActiveCfg = Debug|Any CPU
		{19165C52-3A65-4626-A9AA-99AA3F493530}.Debug|Any CPU.Build.0 = Debug|Any CPU
		{19165C52-3A65-4626-A9AA-99AA3F493530}.Release|Any CPU.ActiveCfg = Release|Any CPU
		{19165C52-3A65-4626-A9AA-99AA3F493530}.Release|Any CPU.Build.0 = Release|Any CPU
		{EBF00694-7975-410B-921E-772365A8819C}.Debug|Any CPU.ActiveCfg = Debug|Any CPU
		{EBF00694-7975-410B-921E-772365A8819C}.Debug|Any CPU.Build.0 = Debug|Any CPU
		{EBF00694-7975-410B-921E-772365A8819C}.Release|Any CPU.ActiveCfg = Release|Any CPU
		{EBF00694-7975-410B-921E-772365A8819C}.Release|Any CPU.Build.0 = Release|Any CPU
		{505477BA-C5DC-4C61-A2C7-6FE8045D02C2}.Debug|Any CPU.ActiveCfg = Debug|Any CPU
		{505477BA-C5DC-4C61-A2C7-6FE8045D02C2}.Debug|Any CPU.Build.0 = Debug|Any CPU
		{505477BA-C5DC-4C61-A2C7-6FE8045D02C2}.Release|Any CPU.ActiveCfg = Release|Any CPU
		{505477BA-C5DC-4C61-A2C7-6FE8045D02C2}.Release|Any CPU.Build.0 = Release|Any CPU
	EndGlobalSection
	GlobalSection(NestedProjects) = preSolution
		{A2F690B6-3C96-4122-9C4D-A9AC22874459} = {3CC239C0-05C7-4F56-9248-9ED509EEED91}
		{9532BC74-9AED-4A36-809B-CF32EF5BC271} = {3CC239C0-05C7-4F56-9248-9ED509EEED91}
		{19165C52-3A65-4626-A9AA-99AA3F493530} = {3CC239C0-05C7-4F56-9248-9ED509EEED91}
		{EBF00694-7975-410B-921E-772365A8819C} = {6BB01604-4D62-4901-88B8-12DA9B6BAE60}
		{505477BA-C5DC-4C61-A2C7-6FE8045D02C2} = {6BB01604-4D62-4901-88B8-12DA9B6BAE60}
	EndGlobalSection
EndGlobal
