
Microsoft Visual Studio Solution File, Format Version 12.00
# Visual Studio Version 16
VisualStudioVersion = 16.0.30114.105
MinimumVisualStudioVersion = 10.0.40219.1
Project("{2150E333-8FDC-42A3-9474-1A3956D46DE8}") = "src", "src", "{40559333-73AB-4A45-9621-8B6AE3412D12}"
EndProject
Project("{FAE04EC0-301F-11D3-BF4B-00C04F79EFBC}") = "ApiBuilder", "src\ApiBuilder\ApiBuilder.csproj", "{8F81720B-8B6A-4652-9F2E-1D5DE42861A4}"
EndProject
Project("{FAE04EC0-301F-11D3-BF4B-00C04F79EFBC}") = "Domain", "src\Domain\Domain.csproj", "{CFD0ED33-354B-40F9-A1BF-1A1D5DA217FD}"
EndProject
Project("{FAE04EC0-301F-11D3-BF4B-00C04F79EFBC}") = "WebApi", "src\WebApi\WebApi.csproj", "{0BD43F64-467C-4572-94D2-80FBE7DA9640}"
EndProject
Project("{2150E333-8FDC-42A3-9474-1A3956D46DE8}") = "tests", "tests", "{217B3431-40AF-4A3E-9189-CB7841ED767F}"
EndProject
Project("{FAE04EC0-301F-11D3-BF4B-00C04F79EFBC}") = "Domain.UnitTests", "tests\Domain.UnitTests\Domain.UnitTests.csproj", "{F305B75A-841E-4542-83A2-7A12A0261BB6}"
EndProject
Project("{FAE04EC0-301F-11D3-BF4B-00C04F79EFBC}") = "WebApi.IntegrationTests", "tests\WebApi.IntegrationTests\WebApi.IntegrationTests.csproj", "{D3FE6CE6-F29F-4AC7-A597-5D5EF6CFBEC3}"
EndProject
Global
	GlobalSection(SolutionConfigurationPlatforms) = preSolution
		Debug|Any CPU = Debug|Any CPU
		Release|Any CPU = Release|Any CPU
	EndGlobalSection
	GlobalSection(SolutionProperties) = preSolution
		HideSolutionNode = FALSE
	EndGlobalSection
	GlobalSection(ProjectConfigurationPlatforms) = postSolution
		{8F81720B-8B6A-4652-9F2E-1D5DE42861A4}.Debug|Any CPU.ActiveCfg = Debug|Any CPU
		{8F81720B-8B6A-4652-9F2E-1D5DE42861A4}.Debug|Any CPU.Build.0 = Debug|Any CPU
		{8F81720B-8B6A-4652-9F2E-1D5DE42861A4}.Release|Any CPU.ActiveCfg = Release|Any CPU
		{8F81720B-8B6A-4652-9F2E-1D5DE42861A4}.Release|Any CPU.Build.0 = Release|Any CPU
		{CFD0ED33-354B-40F9-A1BF-1A1D5DA217FD}.Debug|Any CPU.ActiveCfg = Debug|Any CPU
		{CFD0ED33-354B-40F9-A1BF-1A1D5DA217FD}.Debug|Any CPU.Build.0 = Debug|Any CPU
		{CFD0ED33-354B-40F9-A1BF-1A1D5DA217FD}.Release|Any CPU.ActiveCfg = Release|Any CPU
		{CFD0ED33-354B-40F9-A1BF-1A1D5DA217FD}.Release|Any CPU.Build.0 = Release|Any CPU
		{0BD43F64-467C-4572-94D2-80FBE7DA9640}.Debug|Any CPU.ActiveCfg = Debug|Any CPU
		{0BD43F64-467C-4572-94D2-80FBE7DA9640}.Debug|Any CPU.Build.0 = Debug|Any CPU
		{0BD43F64-467C-4572-94D2-80FBE7DA9640}.Release|Any CPU.ActiveCfg = Release|Any CPU
		{0BD43F64-467C-4572-94D2-80FBE7DA9640}.Release|Any CPU.Build.0 = Release|Any CPU
		{F305B75A-841E-4542-83A2-7A12A0261BB6}.Debug|Any CPU.ActiveCfg = Debug|Any CPU
		{F305B75A-841E-4542-83A2-7A12A0261BB6}.Debug|Any CPU.Build.0 = Debug|Any CPU
		{F305B75A-841E-4542-83A2-7A12A0261BB6}.Release|Any CPU.ActiveCfg = Release|Any CPU
		{F305B75A-841E-4542-83A2-7A12A0261BB6}.Release|Any CPU.Build.0 = Release|Any CPU
		{D3FE6CE6-F29F-4AC7-A597-5D5EF6CFBEC3}.Debug|Any CPU.ActiveCfg = Debug|Any CPU
		{D3FE6CE6-F29F-4AC7-A597-5D5EF6CFBEC3}.Debug|Any CPU.Build.0 = Debug|Any CPU
		{D3FE6CE6-F29F-4AC7-A597-5D5EF6CFBEC3}.Release|Any CPU.ActiveCfg = Release|Any CPU
		{D3FE6CE6-F29F-4AC7-A597-5D5EF6CFBEC3}.Release|Any CPU.Build.0 = Release|Any CPU
	EndGlobalSection
	GlobalSection(NestedProjects) = preSolution
		{8F81720B-8B6A-4652-9F2E-1D5DE42861A4} = {40559333-73AB-4A45-9621-8B6AE3412D12}
		{CFD0ED33-354B-40F9-A1BF-1A1D5DA217FD} = {40559333-73AB-4A45-9621-8B6AE3412D12}
		{0BD43F64-467C-4572-94D2-80FBE7DA9640} = {40559333-73AB-4A45-9621-8B6AE3412D12}
		{F305B75A-841E-4542-83A2-7A12A0261BB6} = {217B3431-40AF-4A3E-9189-CB7841ED767F}
		{D3FE6CE6-F29F-4AC7-A597-5D5EF6CFBEC3} = {217B3431-40AF-4A3E-9189-CB7841ED767F}
	EndGlobalSection
EndGlobal
