Microsoft Visual Studio Solution File, Format Version 12.00
# Visual Studio Version 16
VisualStudioVersion = 16.0.30114.105
MinimumVisualStudioVersion = 10.0.40219.1
Project("{2150E333-8FDC-42A3-9474-1A3956D46DE8}") = "src", "src", "{A2C41B50-FB95-4BA7-96E5-C6C13271D069}"
EndProject
Project("{FAE04EC0-301F-11D3-BF4B-00C04F79EFBC}") = "Application", "src\Application\Application.csproj", "{CE5E1A70-6CBF-4DB0-BD31-18A149E4DE0C}"
EndProject
Project("{FAE04EC0-301F-11D3-BF4B-00C04F79EFBC}") = "Contracts", "src\Contracts\Contracts.csproj", "{6AEEEA8E-75EC-4F1C-9ACA-6A75BCC67058}"
EndProject
Project("{FAE04EC0-301F-11D3-BF4B-00C04F79EFBC}") = "Domain", "src\Domain\Domain.csproj", "{20326E77-B359-4456-A302-215A2048BEE1}"
EndProject
Project("{FAE04EC0-301F-11D3-BF4B-00C04F79EFBC}") = "Infrastructure", "src\Infrastructure\Infrastructure.csproj", "{9BF27F8D-65DE-47FE-923D-77CD20B20352}"
EndProject
Project("{FAE04EC0-301F-11D3-BF4B-00C04F79EFBC}") = "WebApi", "src\WebApi\WebApi.csproj", "{76C8F76D-B37B-4C1A-8B23-24269C127084}"
EndProject
Project("{2150E333-8FDC-42A3-9474-1A3956D46DE8}") = "tests", "tests", "{5A573C92-E7F4-49D5-ABC7-D5302F8F9861}"
EndProject
Project("{FAE04EC0-301F-11D3-BF4B-00C04F79EFBC}") = "Application.Unit", "tests\Application.Unit\Application.Unit.csproj", "{E9F3D906-E8D2-4EA8-AFA2-00E7A5E9A9A9}"
EndProject
Project("{FAE04EC0-301F-11D3-BF4B-00C04F79EFBC}") = "Domain.Unit", "tests\Domain.Unit\Domain.Unit.csproj", "{79116854-FEB5-4AB6-9968-D083BE720BE0}"
EndProject
Global
	GlobalSection(SolutionConfigurationPlatforms) = preSolution
		Debug|Any CPU = Debug|Any CPU
		Release|Any CPU = Release|Any CPU
	EndGlobalSection
	GlobalSection(SolutionProperties) = preSolution
		HideSolutionNode = FALSE
	EndGlobalSection
	GlobalSection(ProjectConfigurationPlatforms) = postSolution
		{CE5E1A70-6CBF-4DB0-BD31-18A149E4DE0C}.Debug|Any CPU.ActiveCfg = Debug|Any CPU
		{CE5E1A70-6CBF-4DB0-BD31-18A149E4DE0C}.Debug|Any CPU.Build.0 = Debug|Any CPU
		{CE5E1A70-6CBF-4DB0-BD31-18A149E4DE0C}.Release|Any CPU.ActiveCfg = Release|Any CPU
		{CE5E1A70-6CBF-4DB0-BD31-18A149E4DE0C}.Release|Any CPU.Build.0 = Release|Any CPU
		{6AEEEA8E-75EC-4F1C-9ACA-6A75BCC67058}.Debug|Any CPU.ActiveCfg = Debug|Any CPU
		{6AEEEA8E-75EC-4F1C-9ACA-6A75BCC67058}.Debug|Any CPU.Build.0 = Debug|Any CPU
		{6AEEEA8E-75EC-4F1C-9ACA-6A75BCC67058}.Release|Any CPU.ActiveCfg = Release|Any CPU
		{6AEEEA8E-75EC-4F1C-9ACA-6A75BCC67058}.Release|Any CPU.Build.0 = Release|Any CPU
		{20326E77-B359-4456-A302-215A2048BEE1}.Debug|Any CPU.ActiveCfg = Debug|Any CPU
		{20326E77-B359-4456-A302-215A2048BEE1}.Debug|Any CPU.Build.0 = Debug|Any CPU
		{20326E77-B359-4456-A302-215A2048BEE1}.Release|Any CPU.ActiveCfg = Release|Any CPU
		{20326E77-B359-4456-A302-215A2048BEE1}.Release|Any CPU.Build.0 = Release|Any CPU
		{9BF27F8D-65DE-47FE-923D-77CD20B20352}.Debug|Any CPU.ActiveCfg = Debug|Any CPU
		{9BF27F8D-65DE-47FE-923D-77CD20B20352}.Debug|Any CPU.Build.0 = Debug|Any CPU
		{9BF27F8D-65DE-47FE-923D-77CD20B20352}.Release|Any CPU.ActiveCfg = Release|Any CPU
		{9BF27F8D-65DE-47FE-923D-77CD20B20352}.Release|Any CPU.Build.0 = Release|Any CPU
		{76C8F76D-B37B-4C1A-8B23-24269C127084}.Debug|Any CPU.ActiveCfg = Debug|Any CPU
		{76C8F76D-B37B-4C1A-8B23-24269C127084}.Debug|Any CPU.Build.0 = Debug|Any CPU
		{76C8F76D-B37B-4C1A-8B23-24269C127084}.Release|Any CPU.ActiveCfg = Release|Any CPU
		{76C8F76D-B37B-4C1A-8B23-24269C127084}.Release|Any CPU.Build.0 = Release|Any CPU
		{E9F3D906-E8D2-4EA8-AFA2-00E7A5E9A9A9}.Debug|Any CPU.ActiveCfg = Debug|Any CPU
		{E9F3D906-E8D2-4EA8-AFA2-00E7A5E9A9A9}.Debug|Any CPU.Build.0 = Debug|Any CPU
		{E9F3D906-E8D2-4EA8-AFA2-00E7A5E9A9A9}.Release|Any CPU.ActiveCfg = Release|Any CPU
		{E9F3D906-E8D2-4EA8-AFA2-00E7A5E9A9A9}.Release|Any CPU.Build.0 = Release|Any CPU
		{79116854-FEB5-4AB6-9968-D083BE720BE0}.Debug|Any CPU.ActiveCfg = Debug|Any CPU
		{79116854-FEB5-4AB6-9968-D083BE720BE0}.Debug|Any CPU.Build.0 = Debug|Any CPU
		{79116854-FEB5-4AB6-9968-D083BE720BE0}.Release|Any CPU.ActiveCfg = Release|Any CPU
		{79116854-FEB5-4AB6-9968-D083BE720BE0}.Release|Any CPU.Build.0 = Release|Any CPU
	EndGlobalSection
	GlobalSection(NestedProjects) = preSolution
		{CE5E1A70-6CBF-4DB0-BD31-18A149E4DE0C} = {A2C41B50-FB95-4BA7-96E5-C6C13271D069}
		{6AEEEA8E-75EC-4F1C-9ACA-6A75BCC67058} = {A2C41B50-FB95-4BA7-96E5-C6C13271D069}
		{20326E77-B359-4456-A302-215A2048BEE1} = {A2C41B50-FB95-4BA7-96E5-C6C13271D069}
		{9BF27F8D-65DE-47FE-923D-77CD20B20352} = {A2C41B50-FB95-4BA7-96E5-C6C13271D069}
		{76C8F76D-B37B-4C1A-8B23-24269C127084} = {A2C41B50-FB95-4BA7-96E5-C6C13271D069}
		{E9F3D906-E8D2-4EA8-AFA2-00E7A5E9A9A9} = {5A573C92-E7F4-49D5-ABC7-D5302F8F9861}
		{79116854-FEB5-4AB6-9968-D083BE720BE0} = {5A573C92-E7F4-49D5-ABC7-D5302F8F9861}
	EndGlobalSection
EndGlobal
