Microsoft Visual Studio Solution File, Format Version 12.00
# Visual Studio Version 16
VisualStudioVersion = 16.0.30114.105
MinimumVisualStudioVersion = 10.0.40219.1
Project("{2150E333-8FDC-42A3-9474-1A3956D46DE8}") = "src", "src", "{C28ABD97-0971-4142-B34C-DBA41FD59293}"
EndProject
Project("{FAE04EC0-301F-11D3-BF4B-00C04F79EFBC}") = "WebApi", "src\WebApi\WebApi.csproj", "{123BA2EA-9336-460E-AC36-70CFFE1801BC}"
EndProject
Project("{2150E333-8FDC-42A3-9474-1A3956D46DE8}") = "tests", "tests", "{588C2D7D-D724-4D16-A4C9-67D92E3C87FA}"
EndProject
Project("{FAE04EC0-301F-11D3-BF4B-00C04F79EFBC}") = "WebApi.UnitTests", "tests\WebApi.UnitTests\WebApi.UnitTests.csproj", "{6C98E51F-F322-4E22-9503-5940A41F77A2}"
EndProject
Global
	GlobalSection(SolutionConfigurationPlatforms) = preSolution
		Debug|Any CPU = Debug|Any CPU
		Release|Any CPU = Release|Any CPU
	EndGlobalSection
	GlobalSection(SolutionProperties) = preSolution
		HideSolutionNode = FALSE
	EndGlobalSection
	GlobalSection(ProjectConfigurationPlatforms) = postSolution
		{123BA2EA-9336-460E-AC36-70CFFE1801BC}.Debug|Any CPU.ActiveCfg = Debug|Any CPU
		{123BA2EA-9336-460E-AC36-70CFFE1801BC}.Debug|Any CPU.Build.0 = Debug|Any CPU
		{123BA2EA-9336-460E-AC36-70CFFE1801BC}.Release|Any CPU.ActiveCfg = Release|Any CPU
		{123BA2EA-9336-460E-AC36-70CFFE1801BC}.Release|Any CPU.Build.0 = Release|Any CPU
		{6C98E51F-F322-4E22-9503-5940A41F77A2}.Debug|Any CPU.ActiveCfg = Debug|Any CPU
		{6C98E51F-F322-4E22-9503-5940A41F77A2}.Debug|Any CPU.Build.0 = Debug|Any CPU
		{6C98E51F-F322-4E22-9503-5940A41F77A2}.Release|Any CPU.ActiveCfg = Release|Any CPU
		{6C98E51F-F322-4E22-9503-5940A41F77A2}.Release|Any CPU.Build.0 = Release|Any CPU
	EndGlobalSection
	GlobalSection(NestedProjects) = preSolution
		{123BA2EA-9336-460E-AC36-70CFFE1801BC} = {C28ABD97-0971-4142-B34C-DBA41FD59293}
		{6C98E51F-F322-4E22-9503-5940A41F77A2} = {588C2D7D-D724-4D16-A4C9-67D92E3C87FA}
	EndGlobalSection
EndGlobal
