lockfileVersion: 5.4

importers:

  .:
    specifiers:
      aws-cdk-lib: 2.26.0
      constructs: 10.1.24
      prettier: 2.6.2
      source-map-support: 0.5.21
    dependencies:
      aws-cdk-lib: 2.26.0_constructs@10.1.24
      constructs: 10.1.24
      prettier: 2.6.2
      source-map-support: 0.5.21

packages:

  /aws-cdk-lib/2.26.0_constructs@10.1.24:
    resolution: {integrity: sha512-FkTD79U7WRroI3J0fOuIv5DE2uhgIw2F1Z4Fz5XgrMDYB+F4F02/ud6YT+E4vIkUJkb+Jwlh814dDhZ53uYgUw==}
    engines: {node: '>= 14.15.0'}
    peerDependencies:
      constructs: ^10.0.0
    dependencies:
      constructs: 10.1.24
    dev: false
    bundledDependencies:
      - '@balena/dockerignore'
      - case
      - fs-extra
      - ignore
      - jsonschema
      - minimatch
      - punycode
      - semver
      - yaml

  /buffer-from/1.1.2:
    resolution: {integrity: sha512-E+XQCRwSbaaiChtv6k6Dwgc+bx+Bs6vuKJHHl5kox/BaKbhiXzqQOwK4cO22yElGp2OCmjwVhT3HmxgyPGnJfQ==}
    dev: false

  /constructs/10.1.24:
    resolution: {integrity: sha512-JndDuwic6mkJyyDjJ7ujNdCya753uFYhfizcQ/STleCzRxT6R8f0JTjDtFrG+n0jpH/znUF+OsC1TGpo4W7opA==}
    engines: {node: '>= 14.17.0'}
    dev: false

  /prettier/2.6.2:
    resolution: {integrity: sha512-PkUpF+qoXTqhOeWL9fu7As8LXsIUZ1WYaJiY/a7McAQzxjk82OF0tibkFXVCDImZtWxbvojFjerkiLb0/q8mew==}
    engines: {node: '>=10.13.0'}
    hasBin: true
    dev: false

  /source-map-support/0.5.21:
    resolution: {integrity: sha512-uBHU3L3czsIyYXKX88fdrGovxdSCoTGDRZ6SYXtSRxLZUzHg5P/66Ht6uoUlHu9EZod+inXhKo3qQgwXUT/y1w==}
    dependencies:
      buffer-from: 1.1.2
      source-map: 0.6.1
    dev: false

  /source-map/0.6.1:
    resolution: {integrity: sha512-UjgapumWlbMhkBgzT7Ykc5YXUT46F0iKu8SGXq0bcwP5dz/h0Plj6enJqjz1Zbq2l5WaqYnrVbwWOWMyF3F47g==}
    engines: {node: '>=0.10.0'}
    dev: false
