lockfileVersion: 5.4

importers:

  .:
    specifiers:
      aws-cdk-lib: 2.34.2
      constructs: 10.1.64
      prettier: 2.7.1
      source-map-support: 0.5.21
    dependencies:
      aws-cdk-lib: 2.34.2_constructs@10.1.64
      constructs: 10.1.64
      prettier: 2.7.1
      source-map-support: 0.5.21

packages:

  /aws-cdk-lib/2.34.2_constructs@10.1.64:
    resolution: {integrity: sha512-iXalBo+JeQ6jYxNkh5kZhVkX9gzR+eVbujPNIKYbJdSxnQAiE5oHWPMDzxRL2Yxmm2+xUKWkkfOVc2Ql+ZBp2w==}
    engines: {node: '>= 14.15.0'}
    peerDependencies:
      constructs: ^10.0.0
    dependencies:
      constructs: 10.1.64
    dev: false
    bundledDependencies:
      - '@balena/dockerignore'
      - case
      - fs-extra
      - ignore
      - jsonschema
      - minimatch
      - punycode
      - semver
      - yaml

  /buffer-from/1.1.2:
    resolution: {integrity: sha512-E+XQCRwSbaaiChtv6k6Dwgc+bx+Bs6vuKJHHl5kox/BaKbhiXzqQOwK4cO22yElGp2OCmjwVhT3HmxgyPGnJfQ==}
    dev: false

  /constructs/10.1.64:
    resolution: {integrity: sha512-GXyNny+46Qetc91zWR69j871pEv+P0SS2SGCfN+B5WvB8nXjl2rPtQ9rPgeU9+wIiwDEzFZ1lURFxne30Oo7mA==}
    engines: {node: '>= 14.17.0'}
    dev: false

  /prettier/2.7.1:
    resolution: {integrity: sha512-ujppO+MkdPqoVINuDFDRLClm7D78qbDt0/NR+wp5FqEZOoTNAjPHWj17QRhu7geIHJfcNhRk1XVQmF8Bp3ye+g==}
    engines: {node: '>=10.13.0'}
    hasBin: true
    dev: false

  /source-map-support/0.5.21:
    resolution: {integrity: sha512-uBHU3L3czsIyYXKX88fdrGovxdSCoTGDRZ6SYXtSRxLZUzHg5P/66Ht6uoUlHu9EZod+inXhKo3qQgwXUT/y1w==}
    dependencies:
      buffer-from: 1.1.2
      source-map: 0.6.1
    dev: false

  /source-map/0.6.1:
    resolution: {integrity: sha512-UjgapumWlbMhkBgzT7Ykc5YXUT46F0iKu8SGXq0bcwP5dz/h0Plj6enJqjz1Zbq2l5WaqYnrVbwWOWMyF3F47g==}
    engines: {node: '>=0.10.0'}
    dev: false
